
Microsoft Visual Studio Solution File, Format Version 12.00
# Visual Studio Version 16
VisualStudioVersion = 16.0.29806.167
MinimumVisualStudioVersion = 10.0.40219.1
Project("{FAE04EC0-301F-11D3-BF4B-00C04F79EFBC}") = "Summa", "Summa\Summa.csproj", "{28113824-FA5E-4720-AE6B-CFB69AF56B6D}"
EndProject
Global
	GlobalSection(SolutionConfigurationPlatforms) = preSolution
		Debug|Any CPU = Debug|Any CPU
		Release|Any CPU = Release|Any CPU
	EndGlobalSection
	GlobalSection(ProjectConfigurationPlatforms) = postSolution
		{28113824-FA5E-4720-AE6B-CFB69AF56B6D}.Debug|Any CPU.ActiveCfg = Debug|Any CPU
		{28113824-FA5E-4720-AE6B-CFB69AF56B6D}.Debug|Any CPU.Build.0 = Debug|Any CPU
		{28113824-FA5E-4720-AE6B-CFB69AF56B6D}.Release|Any CPU.ActiveCfg = Release|Any CPU
		{28113824-FA5E-4720-AE6B-CFB69AF56B6D}.Release|Any CPU.Build.0 = Release|Any CPU
	EndGlobalSection
	GlobalSection(SolutionProperties) = preSolution
		HideSolutionNode = FALSE
	EndGlobalSection
	GlobalSection(ExtensibilityGlobals) = postSolution
		SolutionGuid = {91C75E78-2637-418A-B86D-7E0F3F0B89AD}
	EndGlobalSection
EndGlobal
