
Microsoft Visual Studio Solution File, Format Version 12.00
# Visual Studio Version 16
VisualStudioVersion = 16.0.30011.22
MinimumVisualStudioVersion = 10.0.40219.1
Project("{FAE04EC0-301F-11D3-BF4B-00C04F79EFBC}") = "Practice1", "Practice1\Practice1.csproj", "{D1E2F5E3-9CE6-4D2A-AE72-37C29C3DDD5A}"
EndProject
Global
	GlobalSection(SolutionConfigurationPlatforms) = preSolution
		Debug|Any CPU = Debug|Any CPU
		Release|Any CPU = Release|Any CPU
	EndGlobalSection
	GlobalSection(ProjectConfigurationPlatforms) = postSolution
		{D1E2F5E3-9CE6-4D2A-AE72-37C29C3DDD5A}.Debug|Any CPU.ActiveCfg = Debug|Any CPU
		{D1E2F5E3-9CE6-4D2A-AE72-37C29C3DDD5A}.Debug|Any CPU.Build.0 = Debug|Any CPU
		{D1E2F5E3-9CE6-4D2A-AE72-37C29C3DDD5A}.Release|Any CPU.ActiveCfg = Release|Any CPU
		{D1E2F5E3-9CE6-4D2A-AE72-37C29C3DDD5A}.Release|Any CPU.Build.0 = Release|Any CPU
	EndGlobalSection
	GlobalSection(SolutionProperties) = preSolution
		HideSolutionNode = FALSE
	EndGlobalSection
	GlobalSection(ExtensibilityGlobals) = postSolution
		SolutionGuid = {84CCE6D0-4864-48C5-9C08-B39B4A515D1C}
	EndGlobalSection
EndGlobal
